// !$*UTF8*$!
{
	archiveVersion = 1;
	classes = {
	};
	objectVersion = 50;
	objects = {

/* Begin PBXBuildFile section */
		0FC3E1330471C60243018AD0 /* Pods_mvp.framework in Frameworks */ = {isa = PBXBuildFile; fileRef = 7ED85B493703ED1D1F1DA7B4 /* Pods_mvp.framework */; };
		1BFED03C33E56E1AD09B6556 /* Pods_mvpTests.framework in Frameworks */ = {isa = PBXBuildFile; fileRef = B7305AB0A2EC25DBD8F82341 /* Pods_mvpTests.framework */; };
		A48D718E5853D6C8ECCB5537 /* Pods_mvpUITests.framework in Frameworks */ = {isa = PBXBuildFile; fileRef = E28BA2BE1964AF1E9A117715 /* Pods_mvpUITests.framework */; };
		CA23DE4C2126E83C00448F1E /* AppDelegate.swift in Sources */ = {isa = PBXBuildFile; fileRef = CA23DE4B2126E83C00448F1E /* AppDelegate.swift */; };
		CA23DE4E2126E83C00448F1E /* MapViewController.swift in Sources */ = {isa = PBXBuildFile; fileRef = CA23DE4D2126E83C00448F1E /* MapViewController.swift */; };
		CA23DE512126E83C00448F1E /* Main.storyboard in Resources */ = {isa = PBXBuildFile; fileRef = CA23DE4F2126E83C00448F1E /* Main.storyboard */; };
		CA23DE532126E83C00448F1E /* Assets.xcassets in Resources */ = {isa = PBXBuildFile; fileRef = CA23DE522126E83C00448F1E /* Assets.xcassets */; };
		CA23DE562126E83C00448F1E /* LaunchScreen.storyboard in Resources */ = {isa = PBXBuildFile; fileRef = CA23DE542126E83C00448F1E /* LaunchScreen.storyboard */; };
		CA23DE612126E83C00448F1E /* mvpTests.swift in Sources */ = {isa = PBXBuildFile; fileRef = CA23DE602126E83C00448F1E /* mvpTests.swift */; };
		CA23DE6C2126E83C00448F1E /* mvpUITests.swift in Sources */ = {isa = PBXBuildFile; fileRef = CA23DE6B2126E83C00448F1E /* mvpUITests.swift */; };
		CAD482502127B0EE00AC560F /* Model.swift in Sources */ = {isa = PBXBuildFile; fileRef = CAD4824F2127B0EE00AC560F /* Model.swift */; };
		CAD482522127B16600AC560F /* data.csv in Resources */ = {isa = PBXBuildFile; fileRef = CAD482512127B16600AC560F /* data.csv */; };
		CAEC056121313315003FD123 /* MainViewController.swift in Sources */ = {isa = PBXBuildFile; fileRef = CAEC056021313315003FD123 /* MainViewController.swift */; };
		CAEC056321313956003FD123 /* RouteViewController.swift in Sources */ = {isa = PBXBuildFile; fileRef = CAEC056221313956003FD123 /* RouteViewController.swift */; };
/* End PBXBuildFile section */

/* Begin PBXContainerItemProxy section */
		CA23DE5D2126E83C00448F1E /* PBXContainerItemProxy */ = {
			isa = PBXContainerItemProxy;
			containerPortal = CA23DE402126E83C00448F1E /* Project object */;
			proxyType = 1;
			remoteGlobalIDString = CA23DE472126E83C00448F1E;
			remoteInfo = mvp;
		};
		CA23DE682126E83C00448F1E /* PBXContainerItemProxy */ = {
			isa = PBXContainerItemProxy;
			containerPortal = CA23DE402126E83C00448F1E /* Project object */;
			proxyType = 1;
			remoteGlobalIDString = CA23DE472126E83C00448F1E;
			remoteInfo = mvp;
		};
/* End PBXContainerItemProxy section */

/* Begin PBXFileReference section */
		33BA47DE02E1A4912D61861A /* Pods-mvpUITests.release.xcconfig */ = {isa = PBXFileReference; includeInIndex = 1; lastKnownFileType = text.xcconfig; name = "Pods-mvpUITests.release.xcconfig"; path = "Pods/Target Support Files/Pods-mvpUITests/Pods-mvpUITests.release.xcconfig"; sourceTree = "<group>"; };
		7BFC4E8265F9ADB4D7AE5AC5 /* Pods-mvpTests.debug.xcconfig */ = {isa = PBXFileReference; includeInIndex = 1; lastKnownFileType = text.xcconfig; name = "Pods-mvpTests.debug.xcconfig"; path = "Pods/Target Support Files/Pods-mvpTests/Pods-mvpTests.debug.xcconfig"; sourceTree = "<group>"; };
		7ED85B493703ED1D1F1DA7B4 /* Pods_mvp.framework */ = {isa = PBXFileReference; explicitFileType = wrapper.framework; includeInIndex = 0; path = Pods_mvp.framework; sourceTree = BUILT_PRODUCTS_DIR; };
		A097B5AB05E977115C972BAF /* Pods-mvp.release.xcconfig */ = {isa = PBXFileReference; includeInIndex = 1; lastKnownFileType = text.xcconfig; name = "Pods-mvp.release.xcconfig"; path = "Pods/Target Support Files/Pods-mvp/Pods-mvp.release.xcconfig"; sourceTree = "<group>"; };
		B7305AB0A2EC25DBD8F82341 /* Pods_mvpTests.framework */ = {isa = PBXFileReference; explicitFileType = wrapper.framework; includeInIndex = 0; path = Pods_mvpTests.framework; sourceTree = BUILT_PRODUCTS_DIR; };
		CA23DE482126E83C00448F1E /* mvp.app */ = {isa = PBXFileReference; explicitFileType = wrapper.application; includeInIndex = 0; path = mvp.app; sourceTree = BUILT_PRODUCTS_DIR; };
		CA23DE4B2126E83C00448F1E /* AppDelegate.swift */ = {isa = PBXFileReference; lastKnownFileType = sourcecode.swift; path = AppDelegate.swift; sourceTree = "<group>"; };
		CA23DE4D2126E83C00448F1E /* MapViewController.swift */ = {isa = PBXFileReference; lastKnownFileType = sourcecode.swift; path = MapViewController.swift; sourceTree = "<group>"; };
		CA23DE502126E83C00448F1E /* Base */ = {isa = PBXFileReference; lastKnownFileType = file.storyboard; name = Base; path = Base.lproj/Main.storyboard; sourceTree = "<group>"; };
		CA23DE522126E83C00448F1E /* Assets.xcassets */ = {isa = PBXFileReference; lastKnownFileType = folder.assetcatalog; path = Assets.xcassets; sourceTree = "<group>"; };
		CA23DE552126E83C00448F1E /* Base */ = {isa = PBXFileReference; lastKnownFileType = file.storyboard; name = Base; path = Base.lproj/LaunchScreen.storyboard; sourceTree = "<group>"; };
		CA23DE572126E83C00448F1E /* Info.plist */ = {isa = PBXFileReference; lastKnownFileType = text.plist.xml; path = Info.plist; sourceTree = "<group>"; };
		CA23DE5C2126E83C00448F1E /* mvpTests.xctest */ = {isa = PBXFileReference; explicitFileType = wrapper.cfbundle; includeInIndex = 0; path = mvpTests.xctest; sourceTree = BUILT_PRODUCTS_DIR; };
		CA23DE602126E83C00448F1E /* mvpTests.swift */ = {isa = PBXFileReference; lastKnownFileType = sourcecode.swift; path = mvpTests.swift; sourceTree = "<group>"; };
		CA23DE622126E83C00448F1E /* Info.plist */ = {isa = PBXFileReference; lastKnownFileType = text.plist.xml; path = Info.plist; sourceTree = "<group>"; };
		CA23DE672126E83C00448F1E /* mvpUITests.xctest */ = {isa = PBXFileReference; explicitFileType = wrapper.cfbundle; includeInIndex = 0; path = mvpUITests.xctest; sourceTree = BUILT_PRODUCTS_DIR; };
		CA23DE6B2126E83C00448F1E /* mvpUITests.swift */ = {isa = PBXFileReference; lastKnownFileType = sourcecode.swift; path = mvpUITests.swift; sourceTree = "<group>"; };
		CA23DE6D2126E83C00448F1E /* Info.plist */ = {isa = PBXFileReference; lastKnownFileType = text.plist.xml; path = Info.plist; sourceTree = "<group>"; };
		CA23DE792126EADB00448F1E /* Podfile */ = {isa = PBXFileReference; lastKnownFileType = text; path = Podfile; sourceTree = "<group>"; xcLanguageSpecificationIdentifier = xcode.lang.ruby; };
		CAD4824F2127B0EE00AC560F /* Model.swift */ = {isa = PBXFileReference; lastKnownFileType = sourcecode.swift; path = Model.swift; sourceTree = "<group>"; };
		CAD482512127B16600AC560F /* data.csv */ = {isa = PBXFileReference; fileEncoding = 4; lastKnownFileType = text; path = data.csv; sourceTree = "<group>"; };
		CAEC056021313315003FD123 /* MainViewController.swift */ = {isa = PBXFileReference; lastKnownFileType = sourcecode.swift; path = MainViewController.swift; sourceTree = "<group>"; };
		CAEC056221313956003FD123 /* RouteViewController.swift */ = {isa = PBXFileReference; lastKnownFileType = sourcecode.swift; path = RouteViewController.swift; sourceTree = "<group>"; };
		DADBD9E550F892A5A8659C88 /* Pods-mvp.debug.xcconfig */ = {isa = PBXFileReference; includeInIndex = 1; lastKnownFileType = text.xcconfig; name = "Pods-mvp.debug.xcconfig"; path = "Pods/Target Support Files/Pods-mvp/Pods-mvp.debug.xcconfig"; sourceTree = "<group>"; };
		E28BA2BE1964AF1E9A117715 /* Pods_mvpUITests.framework */ = {isa = PBXFileReference; explicitFileType = wrapper.framework; includeInIndex = 0; path = Pods_mvpUITests.framework; sourceTree = BUILT_PRODUCTS_DIR; };
		F7057F543CDBAED5B8A8A831 /* Pods-mvpUITests.debug.xcconfig */ = {isa = PBXFileReference; includeInIndex = 1; lastKnownFileType = text.xcconfig; name = "Pods-mvpUITests.debug.xcconfig"; path = "Pods/Target Support Files/Pods-mvpUITests/Pods-mvpUITests.debug.xcconfig"; sourceTree = "<group>"; };
		F9D0CB264EB96AC4A7549B20 /* Pods-mvpTests.release.xcconfig */ = {isa = PBXFileReference; includeInIndex = 1; lastKnownFileType = text.xcconfig; name = "Pods-mvpTests.release.xcconfig"; path = "Pods/Target Support Files/Pods-mvpTests/Pods-mvpTests.release.xcconfig"; sourceTree = "<group>"; };
/* End PBXFileReference section */

/* Begin PBXFrameworksBuildPhase section */
		CA23DE452126E83C00448F1E /* Frameworks */ = {
			isa = PBXFrameworksBuildPhase;
			buildActionMask = 2147483647;
			files = (
				0FC3E1330471C60243018AD0 /* Pods_mvp.framework in Frameworks */,
			);
			runOnlyForDeploymentPostprocessing = 0;
		};
		CA23DE592126E83C00448F1E /* Frameworks */ = {
			isa = PBXFrameworksBuildPhase;
			buildActionMask = 2147483647;
			files = (
				1BFED03C33E56E1AD09B6556 /* Pods_mvpTests.framework in Frameworks */,
			);
			runOnlyForDeploymentPostprocessing = 0;
		};
		CA23DE642126E83C00448F1E /* Frameworks */ = {
			isa = PBXFrameworksBuildPhase;
			buildActionMask = 2147483647;
			files = (
				A48D718E5853D6C8ECCB5537 /* Pods_mvpUITests.framework in Frameworks */,
			);
			runOnlyForDeploymentPostprocessing = 0;
		};
/* End PBXFrameworksBuildPhase section */

/* Begin PBXGroup section */
		209A2493F1C12B813EABEF43 /* Pods */ = {
			isa = PBXGroup;
			children = (
				DADBD9E550F892A5A8659C88 /* Pods-mvp.debug.xcconfig */,
				A097B5AB05E977115C972BAF /* Pods-mvp.release.xcconfig */,
				7BFC4E8265F9ADB4D7AE5AC5 /* Pods-mvpTests.debug.xcconfig */,
				F9D0CB264EB96AC4A7549B20 /* Pods-mvpTests.release.xcconfig */,
				F7057F543CDBAED5B8A8A831 /* Pods-mvpUITests.debug.xcconfig */,
				33BA47DE02E1A4912D61861A /* Pods-mvpUITests.release.xcconfig */,
			);
			name = Pods;
			sourceTree = "<group>";
		};
		AD0B3AC49B0537D3A1857863 /* Frameworks */ = {
			isa = PBXGroup;
			children = (
				7ED85B493703ED1D1F1DA7B4 /* Pods_mvp.framework */,
				B7305AB0A2EC25DBD8F82341 /* Pods_mvpTests.framework */,
				E28BA2BE1964AF1E9A117715 /* Pods_mvpUITests.framework */,
			);
			name = Frameworks;
			sourceTree = "<group>";
		};
		CA23DE3F2126E83C00448F1E = {
			isa = PBXGroup;
			children = (
				CA23DE4A2126E83C00448F1E /* mvp */,
				CA23DE5F2126E83C00448F1E /* mvpTests */,
				CA23DE6A2126E83C00448F1E /* mvpUITests */,
				CA23DE492126E83C00448F1E /* Products */,
				CA23DE792126EADB00448F1E /* Podfile */,
				209A2493F1C12B813EABEF43 /* Pods */,
				AD0B3AC49B0537D3A1857863 /* Frameworks */,
			);
			sourceTree = "<group>";
		};
		CA23DE492126E83C00448F1E /* Products */ = {
			isa = PBXGroup;
			children = (
				CA23DE482126E83C00448F1E /* mvp.app */,
				CA23DE5C2126E83C00448F1E /* mvpTests.xctest */,
				CA23DE672126E83C00448F1E /* mvpUITests.xctest */,
			);
			name = Products;
			sourceTree = "<group>";
		};
		CA23DE4A2126E83C00448F1E /* mvp */ = {
			isa = PBXGroup;
			children = (
				CA23DE4B2126E83C00448F1E /* AppDelegate.swift */,
				CA23DE4D2126E83C00448F1E /* MapViewController.swift */,
				CA23DE4F2126E83C00448F1E /* Main.storyboard */,
				CAD4824F2127B0EE00AC560F /* Model.swift */,
				CAEC056021313315003FD123 /* MainViewController.swift */,
				CAEC056221313956003FD123 /* RouteViewController.swift */,
				CAD482512127B16600AC560F /* data.csv */,
				CA23DE522126E83C00448F1E /* Assets.xcassets */,
				CA23DE542126E83C00448F1E /* LaunchScreen.storyboard */,
				CA23DE572126E83C00448F1E /* Info.plist */,
			);
			path = mvp;
			sourceTree = "<group>";
		};
		CA23DE5F2126E83C00448F1E /* mvpTests */ = {
			isa = PBXGroup;
			children = (
				CA23DE602126E83C00448F1E /* mvpTests.swift */,
				CA23DE622126E83C00448F1E /* Info.plist */,
			);
			path = mvpTests;
			sourceTree = "<group>";
		};
		CA23DE6A2126E83C00448F1E /* mvpUITests */ = {
			isa = PBXGroup;
			children = (
				CA23DE6B2126E83C00448F1E /* mvpUITests.swift */,
				CA23DE6D2126E83C00448F1E /* Info.plist */,
			);
			path = mvpUITests;
			sourceTree = "<group>";
		};
/* End PBXGroup section */

/* Begin PBXNativeTarget section */
		CA23DE472126E83C00448F1E /* mvp */ = {
			isa = PBXNativeTarget;
			buildConfigurationList = CA23DE702126E83C00448F1E /* Build configuration list for PBXNativeTarget "mvp" */;
			buildPhases = (
				A2CC110943D88E6F2CF7133F /* [CP] Check Pods Manifest.lock */,
				CA23DE442126E83C00448F1E /* Sources */,
				CA23DE452126E83C00448F1E /* Frameworks */,
				CA23DE462126E83C00448F1E /* Resources */,
				270060707D163B6371C75F49 /* [CP] Copy Pods Resources */,
				14803F0AA9102DCEED8D4D77 /* [CP] Embed Pods Frameworks */,
			);
			buildRules = (
			);
			dependencies = (
			);
			name = mvp;
			productName = mvp;
			productReference = CA23DE482126E83C00448F1E /* mvp.app */;
			productType = "com.apple.product-type.application";
		};
		CA23DE5B2126E83C00448F1E /* mvpTests */ = {
			isa = PBXNativeTarget;
			buildConfigurationList = CA23DE732126E83C00448F1E /* Build configuration list for PBXNativeTarget "mvpTests" */;
			buildPhases = (
				A838D7517BD7D7EB30024C55 /* [CP] Check Pods Manifest.lock */,
				CA23DE582126E83C00448F1E /* Sources */,
				CA23DE592126E83C00448F1E /* Frameworks */,
				CA23DE5A2126E83C00448F1E /* Resources */,
			);
			buildRules = (
			);
			dependencies = (
				CA23DE5E2126E83C00448F1E /* PBXTargetDependency */,
			);
			name = mvpTests;
			productName = mvpTests;
			productReference = CA23DE5C2126E83C00448F1E /* mvpTests.xctest */;
			productType = "com.apple.product-type.bundle.unit-test";
		};
		CA23DE662126E83C00448F1E /* mvpUITests */ = {
			isa = PBXNativeTarget;
			buildConfigurationList = CA23DE762126E83C00448F1E /* Build configuration list for PBXNativeTarget "mvpUITests" */;
			buildPhases = (
				74E198744CC2A1631FEB7028 /* [CP] Check Pods Manifest.lock */,
				CA23DE632126E83C00448F1E /* Sources */,
				CA23DE642126E83C00448F1E /* Frameworks */,
				CA23DE652126E83C00448F1E /* Resources */,
			);
			buildRules = (
			);
			dependencies = (
				CA23DE692126E83C00448F1E /* PBXTargetDependency */,
			);
			name = mvpUITests;
			productName = mvpUITests;
			productReference = CA23DE672126E83C00448F1E /* mvpUITests.xctest */;
			productType = "com.apple.product-type.bundle.ui-testing";
		};
/* End PBXNativeTarget section */

/* Begin PBXProject section */
		CA23DE402126E83C00448F1E /* Project object */ = {
			isa = PBXProject;
			attributes = {
				LastSwiftUpdateCheck = 0940;
				LastUpgradeCheck = 0940;
				ORGANIZATIONNAME = "山下翔平";
				TargetAttributes = {
					CA23DE472126E83C00448F1E = {
						CreatedOnToolsVersion = 9.4.1;
					};
					CA23DE5B2126E83C00448F1E = {
						CreatedOnToolsVersion = 9.4.1;
						TestTargetID = CA23DE472126E83C00448F1E;
					};
					CA23DE662126E83C00448F1E = {
						CreatedOnToolsVersion = 9.4.1;
						TestTargetID = CA23DE472126E83C00448F1E;
					};
				};
			};
			buildConfigurationList = CA23DE432126E83C00448F1E /* Build configuration list for PBXProject "mvp" */;
			compatibilityVersion = "Xcode 9.3";
			developmentRegion = en;
			hasScannedForEncodings = 0;
			knownRegions = (
				en,
				Base,
			);
			mainGroup = CA23DE3F2126E83C00448F1E;
			productRefGroup = CA23DE492126E83C00448F1E /* Products */;
			projectDirPath = "";
			projectRoot = "";
			targets = (
				CA23DE472126E83C00448F1E /* mvp */,
				CA23DE5B2126E83C00448F1E /* mvpTests */,
				CA23DE662126E83C00448F1E /* mvpUITests */,
			);
		};
/* End PBXProject section */

/* Begin PBXResourcesBuildPhase section */
		CA23DE462126E83C00448F1E /* Resources */ = {
			isa = PBXResourcesBuildPhase;
			buildActionMask = 2147483647;
			files = (
				CA23DE562126E83C00448F1E /* LaunchScreen.storyboard in Resources */,
				CAD482522127B16600AC560F /* data.csv in Resources */,
				CA23DE532126E83C00448F1E /* Assets.xcassets in Resources */,
				CA23DE512126E83C00448F1E /* Main.storyboard in Resources */,
			);
			runOnlyForDeploymentPostprocessing = 0;
		};
		CA23DE5A2126E83C00448F1E /* Resources */ = {
			isa = PBXResourcesBuildPhase;
			buildActionMask = 2147483647;
			files = (
			);
			runOnlyForDeploymentPostprocessing = 0;
		};
		CA23DE652126E83C00448F1E /* Resources */ = {
			isa = PBXResourcesBuildPhase;
			buildActionMask = 2147483647;
			files = (
			);
			runOnlyForDeploymentPostprocessing = 0;
		};
/* End PBXResourcesBuildPhase section */

/* Begin PBXShellScriptBuildPhase section */
		14803F0AA9102DCEED8D4D77 /* [CP] Embed Pods Frameworks */ = {
			isa = PBXShellScriptBuildPhase;
			buildActionMask = 2147483647;
			files = (
			);
			inputPaths = (
				"${SRCROOT}/Pods/Target Support Files/Pods-mvp/Pods-mvp-frameworks.sh",
				"${BUILT_PRODUCTS_DIR}/Alamofire/Alamofire.framework",
				"${BUILT_PRODUCTS_DIR}/Pulley/Pulley.framework",
				"${BUILT_PRODUCTS_DIR}/SwiftyJSON/SwiftyJSON.framework",
			);
			name = "[CP] Embed Pods Frameworks";
			outputPaths = (
				"${TARGET_BUILD_DIR}/${FRAMEWORKS_FOLDER_PATH}/Alamofire.framework",
				"${TARGET_BUILD_DIR}/${FRAMEWORKS_FOLDER_PATH}/Pulley.framework",
				"${TARGET_BUILD_DIR}/${FRAMEWORKS_FOLDER_PATH}/SwiftyJSON.framework",
			);
			runOnlyForDeploymentPostprocessing = 0;
			shellPath = /bin/sh;
			shellScript = "\"${SRCROOT}/Pods/Target Support Files/Pods-mvp/Pods-mvp-frameworks.sh\"\n";
			showEnvVarsInLog = 0;
		};
		270060707D163B6371C75F49 /* [CP] Copy Pods Resources */ = {
			isa = PBXShellScriptBuildPhase;
			buildActionMask = 2147483647;
			files = (
			);
			inputPaths = (
				"${SRCROOT}/Pods/Target Support Files/Pods-mvp/Pods-mvp-resources.sh",
				"${PODS_ROOT}/GoogleMaps/Maps/Frameworks/GoogleMaps.framework/Resources/GoogleMaps.bundle",
				"${PODS_ROOT}/GooglePlaces/Frameworks/GooglePlaces.framework/Resources/GooglePlaces.bundle",
			);
			name = "[CP] Copy Pods Resources";
			outputPaths = (
				"${TARGET_BUILD_DIR}/${UNLOCALIZED_RESOURCES_FOLDER_PATH}/GoogleMaps.bundle",
				"${TARGET_BUILD_DIR}/${UNLOCALIZED_RESOURCES_FOLDER_PATH}/GooglePlaces.bundle",
			);
			runOnlyForDeploymentPostprocessing = 0;
			shellPath = /bin/sh;
			shellScript = "\"${SRCROOT}/Pods/Target Support Files/Pods-mvp/Pods-mvp-resources.sh\"\n";
			showEnvVarsInLog = 0;
		};
		74E198744CC2A1631FEB7028 /* [CP] Check Pods Manifest.lock */ = {
			isa = PBXShellScriptBuildPhase;
			buildActionMask = 2147483647;
			files = (
			);
			inputPaths = (
				"${PODS_PODFILE_DIR_PATH}/Podfile.lock",
				"${PODS_ROOT}/Manifest.lock",
			);
			name = "[CP] Check Pods Manifest.lock";
			outputPaths = (
				"$(DERIVED_FILE_DIR)/Pods-mvpUITests-checkManifestLockResult.txt",
			);
			runOnlyForDeploymentPostprocessing = 0;
			shellPath = /bin/sh;
			shellScript = "diff \"${PODS_PODFILE_DIR_PATH}/Podfile.lock\" \"${PODS_ROOT}/Manifest.lock\" > /dev/null\nif [ $? != 0 ] ; then\n    # print error to STDERR\n    echo \"error: The sandbox is not in sync with the Podfile.lock. Run 'pod install' or update your CocoaPods installation.\" >&2\n    exit 1\nfi\n# This output is used by Xcode 'outputs' to avoid re-running this script phase.\necho \"SUCCESS\" > \"${SCRIPT_OUTPUT_FILE_0}\"\n";
			showEnvVarsInLog = 0;
		};
		A2CC110943D88E6F2CF7133F /* [CP] Check Pods Manifest.lock */ = {
			isa = PBXShellScriptBuildPhase;
			buildActionMask = 2147483647;
			files = (
			);
			inputPaths = (
				"${PODS_PODFILE_DIR_PATH}/Podfile.lock",
				"${PODS_ROOT}/Manifest.lock",
			);
			name = "[CP] Check Pods Manifest.lock";
			outputPaths = (
				"$(DERIVED_FILE_DIR)/Pods-mvp-checkManifestLockResult.txt",
			);
			runOnlyForDeploymentPostprocessing = 0;
			shellPath = /bin/sh;
			shellScript = "diff \"${PODS_PODFILE_DIR_PATH}/Podfile.lock\" \"${PODS_ROOT}/Manifest.lock\" > /dev/null\nif [ $? != 0 ] ; then\n    # print error to STDERR\n    echo \"error: The sandbox is not in sync with the Podfile.lock. Run 'pod install' or update your CocoaPods installation.\" >&2\n    exit 1\nfi\n# This output is used by Xcode 'outputs' to avoid re-running this script phase.\necho \"SUCCESS\" > \"${SCRIPT_OUTPUT_FILE_0}\"\n";
			showEnvVarsInLog = 0;
		};
		A838D7517BD7D7EB30024C55 /* [CP] Check Pods Manifest.lock */ = {
			isa = PBXShellScriptBuildPhase;
			buildActionMask = 2147483647;
			files = (
			);
			inputPaths = (
				"${PODS_PODFILE_DIR_PATH}/Podfile.lock",
				"${PODS_ROOT}/Manifest.lock",
			);
			name = "[CP] Check Pods Manifest.lock";
			outputPaths = (
				"$(DERIVED_FILE_DIR)/Pods-mvpTests-checkManifestLockResult.txt",
			);
			runOnlyForDeploymentPostprocessing = 0;
			shellPath = /bin/sh;
			shellScript = "diff \"${PODS_PODFILE_DIR_PATH}/Podfile.lock\" \"${PODS_ROOT}/Manifest.lock\" > /dev/null\nif [ $? != 0 ] ; then\n    # print error to STDERR\n    echo \"error: The sandbox is not in sync with the Podfile.lock. Run 'pod install' or update your CocoaPods installation.\" >&2\n    exit 1\nfi\n# This output is used by Xcode 'outputs' to avoid re-running this script phase.\necho \"SUCCESS\" > \"${SCRIPT_OUTPUT_FILE_0}\"\n";
			showEnvVarsInLog = 0;
		};
/* End PBXShellScriptBuildPhase section */

/* Begin PBXSourcesBuildPhase section */
		CA23DE442126E83C00448F1E /* Sources */ = {
			isa = PBXSourcesBuildPhase;
			buildActionMask = 2147483647;
			files = (
				CAD482502127B0EE00AC560F /* Model.swift in Sources */,
				CA23DE4E2126E83C00448F1E /* MapViewController.swift in Sources */,
				CA23DE4C2126E83C00448F1E /* AppDelegate.swift in Sources */,
				CAEC056321313956003FD123 /* RouteViewController.swift in Sources */,
				CAEC056121313315003FD123 /* MainViewController.swift in Sources */,
			);
			runOnlyForDeploymentPostprocessing = 0;
		};
		CA23DE582126E83C00448F1E /* Sources */ = {
			isa = PBXSourcesBuildPhase;
			buildActionMask = 2147483647;
			files = (
				CA23DE612126E83C00448F1E /* mvpTests.swift in Sources */,
			);
			runOnlyForDeploymentPostprocessing = 0;
		};
		CA23DE632126E83C00448F1E /* Sources */ = {
			isa = PBXSourcesBuildPhase;
			buildActionMask = 2147483647;
			files = (
				CA23DE6C2126E83C00448F1E /* mvpUITests.swift in Sources */,
			);
			runOnlyForDeploymentPostprocessing = 0;
		};
/* End PBXSourcesBuildPhase section */

/* Begin PBXTargetDependency section */
		CA23DE5E2126E83C00448F1E /* PBXTargetDependency */ = {
			isa = PBXTargetDependency;
			target = CA23DE472126E83C00448F1E /* mvp */;
			targetProxy = CA23DE5D2126E83C00448F1E /* PBXContainerItemProxy */;
		};
		CA23DE692126E83C00448F1E /* PBXTargetDependency */ = {
			isa = PBXTargetDependency;
			target = CA23DE472126E83C00448F1E /* mvp */;
			targetProxy = CA23DE682126E83C00448F1E /* PBXContainerItemProxy */;
		};
/* End PBXTargetDependency section */

/* Begin PBXVariantGroup section */
		CA23DE4F2126E83C00448F1E /* Main.storyboard */ = {
			isa = PBXVariantGroup;
			children = (
				CA23DE502126E83C00448F1E /* Base */,
			);
			name = Main.storyboard;
			sourceTree = "<group>";
		};
		CA23DE542126E83C00448F1E /* LaunchScreen.storyboard */ = {
			isa = PBXVariantGroup;
			children = (
				CA23DE552126E83C00448F1E /* Base */,
			);
			name = LaunchScreen.storyboard;
			sourceTree = "<group>";
		};
/* End PBXVariantGroup section */

/* Begin XCBuildConfiguration section */
		CA23DE6E2126E83C00448F1E /* Debug */ = {
			isa = XCBuildConfiguration;
			buildSettings = {
				ALWAYS_SEARCH_USER_PATHS = NO;
				CLANG_ANALYZER_NONNULL = YES;
				CLANG_ANALYZER_NUMBER_OBJECT_CONVERSION = YES_AGGRESSIVE;
				CLANG_CXX_LANGUAGE_STANDARD = "gnu++14";
				CLANG_CXX_LIBRARY = "libc++";
				CLANG_ENABLE_MODULES = YES;
				CLANG_ENABLE_OBJC_ARC = YES;
				CLANG_ENABLE_OBJC_WEAK = YES;
				CLANG_WARN_BLOCK_CAPTURE_AUTORELEASING = YES;
				CLANG_WARN_BOOL_CONVERSION = YES;
				CLANG_WARN_COMMA = YES;
				CLANG_WARN_CONSTANT_CONVERSION = YES;
				CLANG_WARN_DEPRECATED_OBJC_IMPLEMENTATIONS = YES;
				CLANG_WARN_DIRECT_OBJC_ISA_USAGE = YES_ERROR;
				CLANG_WARN_DOCUMENTATION_COMMENTS = YES;
				CLANG_WARN_EMPTY_BODY = YES;
				CLANG_WARN_ENUM_CONVERSION = YES;
				CLANG_WARN_INFINITE_RECURSION = YES;
				CLANG_WARN_INT_CONVERSION = YES;
				CLANG_WARN_NON_LITERAL_NULL_CONVERSION = YES;
				CLANG_WARN_OBJC_IMPLICIT_RETAIN_SELF = YES;
				CLANG_WARN_OBJC_LITERAL_CONVERSION = YES;
				CLANG_WARN_OBJC_ROOT_CLASS = YES_ERROR;
				CLANG_WARN_RANGE_LOOP_ANALYSIS = YES;
				CLANG_WARN_STRICT_PROTOTYPES = YES;
				CLANG_WARN_SUSPICIOUS_MOVE = YES;
				CLANG_WARN_UNGUARDED_AVAILABILITY = YES_AGGRESSIVE;
				CLANG_WARN_UNREACHABLE_CODE = YES;
				CLANG_WARN__DUPLICATE_METHOD_MATCH = YES;
				CODE_SIGN_IDENTITY = "iPhone Developer";
				COPY_PHASE_STRIP = NO;
				DEBUG_INFORMATION_FORMAT = dwarf;
				ENABLE_STRICT_OBJC_MSGSEND = YES;
				ENABLE_TESTABILITY = YES;
				GCC_C_LANGUAGE_STANDARD = gnu11;
				GCC_DYNAMIC_NO_PIC = NO;
				GCC_NO_COMMON_BLOCKS = YES;
				GCC_OPTIMIZATION_LEVEL = 0;
				GCC_PREPROCESSOR_DEFINITIONS = (
					"DEBUG=1",
					"$(inherited)",
				);
				GCC_WARN_64_TO_32_BIT_CONVERSION = YES;
				GCC_WARN_ABOUT_RETURN_TYPE = YES_ERROR;
				GCC_WARN_UNDECLARED_SELECTOR = YES;
				GCC_WARN_UNINITIALIZED_AUTOS = YES_AGGRESSIVE;
				GCC_WARN_UNUSED_FUNCTION = YES;
				GCC_WARN_UNUSED_VARIABLE = YES;
				IPHONEOS_DEPLOYMENT_TARGET = 11.4;
				MTL_ENABLE_DEBUG_INFO = YES;
				ONLY_ACTIVE_ARCH = YES;
				SDKROOT = iphoneos;
				SWIFT_ACTIVE_COMPILATION_CONDITIONS = DEBUG;
				SWIFT_OPTIMIZATION_LEVEL = "-Onone";
			};
			name = Debug;
		};
		CA23DE6F2126E83C00448F1E /* Release */ = {
			isa = XCBuildConfiguration;
			buildSettings = {
				ALWAYS_SEARCH_USER_PATHS = NO;
				CLANG_ANALYZER_NONNULL = YES;
				CLANG_ANALYZER_NUMBER_OBJECT_CONVERSION = YES_AGGRESSIVE;
				CLANG_CXX_LANGUAGE_STANDARD = "gnu++14";
				CLANG_CXX_LIBRARY = "libc++";
				CLANG_ENABLE_MODULES = YES;
				CLANG_ENABLE_OBJC_ARC = YES;
				CLANG_ENABLE_OBJC_WEAK = YES;
				CLANG_WARN_BLOCK_CAPTURE_AUTORELEASING = YES;
				CLANG_WARN_BOOL_CONVERSION = YES;
				CLANG_WARN_COMMA = YES;
				CLANG_WARN_CONSTANT_CONVERSION = YES;
				CLANG_WARN_DEPRECATED_OBJC_IMPLEMENTATIONS = YES;
				CLANG_WARN_DIRECT_OBJC_ISA_USAGE = YES_ERROR;
				CLANG_WARN_DOCUMENTATION_COMMENTS = YES;
				CLANG_WARN_EMPTY_BODY = YES;
				CLANG_WARN_ENUM_CONVERSION = YES;
				CLANG_WARN_INFINITE_RECURSION = YES;
				CLANG_WARN_INT_CONVERSION = YES;
				CLANG_WARN_NON_LITERAL_NULL_CONVERSION = YES;
				CLANG_WARN_OBJC_IMPLICIT_RETAIN_SELF = YES;
				CLANG_WARN_OBJC_LITERAL_CONVERSION = YES;
				CLANG_WARN_OBJC_ROOT_CLASS = YES_ERROR;
				CLANG_WARN_RANGE_LOOP_ANALYSIS = YES;
				CLANG_WARN_STRICT_PROTOTYPES = YES;
				CLANG_WARN_SUSPICIOUS_MOVE = YES;
				CLANG_WARN_UNGUARDED_AVAILABILITY = YES_AGGRESSIVE;
				CLANG_WARN_UNREACHABLE_CODE = YES;
				CLANG_WARN__DUPLICATE_METHOD_MATCH = YES;
				CODE_SIGN_IDENTITY = "iPhone Developer";
				COPY_PHASE_STRIP = NO;
				DEBUG_INFORMATION_FORMAT = "dwarf-with-dsym";
				ENABLE_NS_ASSERTIONS = NO;
				ENABLE_STRICT_OBJC_MSGSEND = YES;
				GCC_C_LANGUAGE_STANDARD = gnu11;
				GCC_NO_COMMON_BLOCKS = YES;
				GCC_WARN_64_TO_32_BIT_CONVERSION = YES;
				GCC_WARN_ABOUT_RETURN_TYPE = YES_ERROR;
				GCC_WARN_UNDECLARED_SELECTOR = YES;
				GCC_WARN_UNINITIALIZED_AUTOS = YES_AGGRESSIVE;
				GCC_WARN_UNUSED_FUNCTION = YES;
				GCC_WARN_UNUSED_VARIABLE = YES;
				IPHONEOS_DEPLOYMENT_TARGET = 11.4;
				MTL_ENABLE_DEBUG_INFO = NO;
				SDKROOT = iphoneos;
				SWIFT_COMPILATION_MODE = wholemodule;
				SWIFT_OPTIMIZATION_LEVEL = "-O";
				VALIDATE_PRODUCT = YES;
			};
			name = Release;
		};
		CA23DE712126E83C00448F1E /* Debug */ = {
			isa = XCBuildConfiguration;
			baseConfigurationReference = DADBD9E550F892A5A8659C88 /* Pods-mvp.debug.xcconfig */;
			buildSettings = {
				ASSETCATALOG_COMPILER_APPICON_NAME = AppIcon;
				CODE_SIGN_STYLE = Automatic;
				ENABLE_BITCODE = NO;
				HEADER_SEARCH_PATHS = "$(SRCROOT)/Pods/**";
				INFOPLIST_FILE = mvp/Info.plist;
				LD_RUNPATH_SEARCH_PATHS = (
					"$(inherited)",
					"@executable_path/Frameworks",
				);
				PRODUCT_BUNDLE_IDENTIFIER = com.sample.mvp;
				PRODUCT_NAME = "$(TARGET_NAME)";
				SWIFT_VERSION = 4.0;
				TARGETED_DEVICE_FAMILY = "1,2";
			};
			name = Debug;
		};
		CA23DE722126E83C00448F1E /* Release */ = {
			isa = XCBuildConfiguration;
			baseConfigurationReference = A097B5AB05E977115C972BAF /* Pods-mvp.release.xcconfig */;
			buildSettings = {
				ASSETCATALOG_COMPILER_APPICON_NAME = AppIcon;
				CODE_SIGN_STYLE = Automatic;
				ENABLE_BITCODE = NO;
				HEADER_SEARCH_PATHS = "$(SRCROOT)/Pods/**";
				INFOPLIST_FILE = mvp/Info.plist;
				LD_RUNPATH_SEARCH_PATHS = (
					"$(inherited)",
					"@executable_path/Frameworks",
				);
				PRODUCT_BUNDLE_IDENTIFIER = com.sample.mvp;
				PRODUCT_NAME = "$(TARGET_NAME)";
				SWIFT_VERSION = 4.0;
				TARGETED_DEVICE_FAMILY = "1,2";
			};
			name = Release;
		};
		CA23DE742126E83C00448F1E /* Debug */ = {
			isa = XCBuildConfiguration;
			baseConfigurationReference = 7BFC4E8265F9ADB4D7AE5AC5 /* Pods-mvpTests.debug.xcconfig */;
			buildSettings = {
				ALWAYS_EMBED_SWIFT_STANDARD_LIBRARIES = YES;
				BUNDLE_LOADER = "$(TEST_HOST)";
				CODE_SIGN_STYLE = Automatic;
				INFOPLIST_FILE = mvpTests/Info.plist;
				LD_RUNPATH_SEARCH_PATHS = (
					"$(inherited)",
					"@executable_path/Frameworks",
					"@loader_path/Frameworks",
				);
				PRODUCT_BUNDLE_IDENTIFIER = com.sample.mvpTests;
				PRODUCT_NAME = "$(TARGET_NAME)";
				SWIFT_VERSION = 4.0;
				TARGETED_DEVICE_FAMILY = "1,2";
				TEST_HOST = "$(BUILT_PRODUCTS_DIR)/mvp.app/mvp";
			};
			name = Debug;
		};
		CA23DE752126E83C00448F1E /* Release */ = {
			isa = XCBuildConfiguration;
			baseConfigurationReference = F9D0CB264EB96AC4A7549B20 /* Pods-mvpTests.release.xcconfig */;
			buildSettings = {
				ALWAYS_EMBED_SWIFT_STANDARD_LIBRARIES = YES;
				BUNDLE_LOADER = "$(TEST_HOST)";
				CODE_SIGN_STYLE = Automatic;
				INFOPLIST_FILE = mvpTests/Info.plist;
				LD_RUNPATH_SEARCH_PATHS = (
					"$(inherited)",
					"@executable_path/Frameworks",
					"@loader_path/Frameworks",
				);
				PRODUCT_BUNDLE_IDENTIFIER = com.sample.mvpTests;
				PRODUCT_NAME = "$(TARGET_NAME)";
				SWIFT_VERSION = 4.0;
				TARGETED_DEVICE_FAMILY = "1,2";
				TEST_HOST = "$(BUILT_PRODUCTS_DIR)/mvp.app/mvp";
			};
			name = Release;
		};
		CA23DE772126E83C00448F1E /* Debug */ = {
			isa = XCBuildConfiguration;
			baseConfigurationReference = F7057F543CDBAED5B8A8A831 /* Pods-mvpUITests.debug.xcconfig */;
			buildSettings = {
				ALWAYS_EMBED_SWIFT_STANDARD_LIBRARIES = YES;
				CODE_SIGN_STYLE = Automatic;
				INFOPLIST_FILE = mvpUITests/Info.plist;
				LD_RUNPATH_SEARCH_PATHS = (
					"$(inherited)",
					"@executable_path/Frameworks",
					"@loader_path/Frameworks",
				);
				PRODUCT_BUNDLE_IDENTIFIER = com.sample.mvpUITests;
				PRODUCT_NAME = "$(TARGET_NAME)";
				SWIFT_VERSION = 4.0;
				TARGETED_DEVICE_FAMILY = "1,2";
				TEST_TARGET_NAME = mvp;
			};
			name = Debug;
		};
		CA23DE782126E83C00448F1E /* Release */ = {
			isa = XCBuildConfiguration;
			baseConfigurationReference = 33BA47DE02E1A4912D61861A /* Pods-mvpUITests.release.xcconfig */;
			buildSettings = {
				ALWAYS_EMBED_SWIFT_STANDARD_LIBRARIES = YES;
				CODE_SIGN_STYLE = Automatic;
				INFOPLIST_FILE = mvpUITests/Info.plist;
				LD_RUNPATH_SEARCH_PATHS = (
					"$(inherited)",
					"@executable_path/Frameworks",
					"@loader_path/Frameworks",
				);
				PRODUCT_BUNDLE_IDENTIFIER = com.sample.mvpUITests;
				PRODUCT_NAME = "$(TARGET_NAME)";
				SWIFT_VERSION = 4.0;
				TARGETED_DEVICE_FAMILY = "1,2";
				TEST_TARGET_NAME = mvp;
			};
			name = Release;
		};
/* End XCBuildConfiguration section */

/* Begin XCConfigurationList section */
		CA23DE432126E83C00448F1E /* Build configuration list for PBXProject "mvp" */ = {
			isa = XCConfigurationList;
			buildConfigurations = (
				CA23DE6E2126E83C00448F1E /* Debug */,
				CA23DE6F2126E83C00448F1E /* Release */,
			);
			defaultConfigurationIsVisible = 0;
			defaultConfigurationName = Release;
		};
		CA23DE702126E83C00448F1E /* Build configuration list for PBXNativeTarget "mvp" */ = {
			isa = XCConfigurationList;
			buildConfigurations = (
				CA23DE712126E83C00448F1E /* Debug */,
				CA23DE722126E83C00448F1E /* Release */,
			);
			defaultConfigurationIsVisible = 0;
			defaultConfigurationName = Release;
		};
		CA23DE732126E83C00448F1E /* Build configuration list for PBXNativeTarget "mvpTests" */ = {
			isa = XCConfigurationList;
			buildConfigurations = (
				CA23DE742126E83C00448F1E /* Debug */,
				CA23DE752126E83C00448F1E /* Release */,
			);
			defaultConfigurationIsVisible = 0;
			defaultConfigurationName = Release;
		};
		CA23DE762126E83C00448F1E /* Build configuration list for PBXNativeTarget "mvpUITests" */ = {
			isa = XCConfigurationList;
			buildConfigurations = (
				CA23DE772126E83C00448F1E /* Debug */,
				CA23DE782126E83C00448F1E /* Release */,
			);
			defaultConfigurationIsVisible = 0;
			defaultConfigurationName = Release;
		};
/* End XCConfigurationList section */
	};
	rootObject = CA23DE402126E83C00448F1E /* Project object */;
}
