// !$*UTF8*$!
{
	archiveVersion = 1;
	classes = {
	};
	objectVersion = 50;
	objects = {

/* Begin PBXBuildFile section */
		CA23DE4C2126E83C00448F1E /* AppDelegate.swift in Sources */ = {isa = PBXBuildFile; fileRef = CA23DE4B2126E83C00448F1E /* AppDelegate.swift */; };
		CA23DE4E2126E83C00448F1E /* ViewController.swift in Sources */ = {isa = PBXBuildFile; fileRef = CA23DE4D2126E83C00448F1E /* ViewController.swift */; };
		CA23DE512126E83C00448F1E /* Main.storyboard in Resources */ = {isa = PBXBuildFile; fileRef = CA23DE4F2126E83C00448F1E /* Main.storyboard */; };
		CA23DE532126E83C00448F1E /* Assets.xcassets in Resources */ = {isa = PBXBuildFile; fileRef = CA23DE522126E83C00448F1E /* Assets.xcassets */; };
		CA23DE562126E83C00448F1E /* LaunchScreen.storyboard in Resources */ = {isa = PBXBuildFile; fileRef = CA23DE542126E83C00448F1E /* LaunchScreen.storyboard */; };
		CA23DE612126E83C00448F1E /* mvpTests.swift in Sources */ = {isa = PBXBuildFile; fileRef = CA23DE602126E83C00448F1E /* mvpTests.swift */; };
		CA23DE6C2126E83C00448F1E /* mvpUITests.swift in Sources */ = {isa = PBXBuildFile; fileRef = CA23DE6B2126E83C00448F1E /* mvpUITests.swift */; };
/* End PBXBuildFile section */

/* Begin PBXContainerItemProxy section */
		CA23DE5D2126E83C00448F1E /* PBXContainerItemProxy */ = {
			isa = PBXContainerItemProxy;
			containerPortal = CA23DE402126E83C00448F1E /* Project object */;
			proxyType = 1;
			remoteGlobalIDString = CA23DE472126E83C00448F1E;
			remoteInfo = mvp;
		};
		CA23DE682126E83C00448F1E /* PBXContainerItemProxy */ = {
			isa = PBXContainerItemProxy;
			containerPortal = CA23DE402126E83C00448F1E /* Project object */;
			proxyType = 1;
			remoteGlobalIDString = CA23DE472126E83C00448F1E;
			remoteInfo = mvp;
		};
/* End PBXContainerItemProxy section */

/* Begin PBXFileReference section */
		CA23DE482126E83C00448F1E /* mvp.app */ = {isa = PBXFileReference; explicitFileType = wrapper.application; includeInIndex = 0; path = mvp.app; sourceTree = BUILT_PRODUCTS_DIR; };
		CA23DE4B2126E83C00448F1E /* AppDelegate.swift */ = {isa = PBXFileReference; lastKnownFileType = sourcecode.swift; path = AppDelegate.swift; sourceTree = "<group>"; };
		CA23DE4D2126E83C00448F1E /* ViewController.swift */ = {isa = PBXFileReference; lastKnownFileType = sourcecode.swift; path = ViewController.swift; sourceTree = "<group>"; };
		CA23DE502126E83C00448F1E /* Base */ = {isa = PBXFileReference; lastKnownFileType = file.storyboard; name = Base; path = Base.lproj/Main.storyboard; sourceTree = "<group>"; };
		CA23DE522126E83C00448F1E /* Assets.xcassets */ = {isa = PBXFileReference; lastKnownFileType = folder.assetcatalog; path = Assets.xcassets; sourceTree = "<group>"; };
		CA23DE552126E83C00448F1E /* Base */ = {isa = PBXFileReference; lastKnownFileType = file.storyboard; name = Base; path = Base.lproj/LaunchScreen.storyboard; sourceTree = "<group>"; };
		CA23DE572126E83C00448F1E /* Info.plist */ = {isa = PBXFileReference; lastKnownFileType = text.plist.xml; path = Info.plist; sourceTree = "<group>"; };
		CA23DE5C2126E83C00448F1E /* mvpTests.xctest */ = {isa = PBXFileReference; explicitFileType = wrapper.cfbundle; includeInIndex = 0; path = mvpTests.xctest; sourceTree = BUILT_PRODUCTS_DIR; };
		CA23DE602126E83C00448F1E /* mvpTests.swift */ = {isa = PBXFileReference; lastKnownFileType = sourcecode.swift; path = mvpTests.swift; sourceTree = "<group>"; };
		CA23DE622126E83C00448F1E /* Info.plist */ = {isa = PBXFileReference; lastKnownFileType = text.plist.xml; path = Info.plist; sourceTree = "<group>"; };
		CA23DE672126E83C00448F1E /* mvpUITests.xctest */ = {isa = PBXFileReference; explicitFileType = wrapper.cfbundle; includeInIndex = 0; path = mvpUITests.xctest; sourceTree = BUILT_PRODUCTS_DIR; };
		CA23DE6B2126E83C00448F1E /* mvpUITests.swift */ = {isa = PBXFileReference; lastKnownFileType = sourcecode.swift; path = mvpUITests.swift; sourceTree = "<group>"; };
		CA23DE6D2126E83C00448F1E /* Info.plist */ = {isa = PBXFileReference; lastKnownFileType = text.plist.xml; path = Info.plist; sourceTree = "<group>"; };
/* End PBXFileReference section */

/* Begin PBXFrameworksBuildPhase section */
		CA23DE452126E83C00448F1E /* Frameworks */ = {
			isa = PBXFrameworksBuildPhase;
			buildActionMask = 2147483647;
			files = (
			);
			runOnlyForDeploymentPostprocessing = 0;
		};
		CA23DE592126E83C00448F1E /* Frameworks */ = {
			isa = PBXFrameworksBuildPhase;
			buildActionMask = 2147483647;
			files = (
			);
			runOnlyForDeploymentPostprocessing = 0;
		};
		CA23DE642126E83C00448F1E /* Frameworks */ = {
			isa = PBXFrameworksBuildPhase;
			buildActionMask = 2147483647;
			files = (
			);
			runOnlyForDeploymentPostprocessing = 0;
		};
/* End PBXFrameworksBuildPhase section */

/* Begin PBXGroup section */
		CA23DE3F2126E83C00448F1E = {
			isa = PBXGroup;
			children = (
				CA23DE4A2126E83C00448F1E /* mvp */,
				CA23DE5F2126E83C00448F1E /* mvpTests */,
				CA23DE6A2126E83C00448F1E /* mvpUITests */,
				CA23DE492126E83C00448F1E /* Products */,
			);
			sourceTree = "<group>";
		};
		CA23DE492126E83C00448F1E /* Products */ = {
			isa = PBXGroup;
			children = (
				CA23DE482126E83C00448F1E /* mvp.app */,
				CA23DE5C2126E83C00448F1E /* mvpTests.xctest */,
				CA23DE672126E83C00448F1E /* mvpUITests.xctest */,
			);
			name = Products;
			sourceTree = "<group>";
		};
		CA23DE4A2126E83C00448F1E /* mvp */ = {
			isa = PBXGroup;
			children = (
				CA23DE4B2126E83C00448F1E /* AppDelegate.swift */,
				CA23DE4D2126E83C00448F1E /* ViewController.swift */,
				CA23DE4F2126E83C00448F1E /* Main.storyboard */,
				CA23DE522126E83C00448F1E /* Assets.xcassets */,
				CA23DE542126E83C00448F1E /* LaunchScreen.storyboard */,
				CA23DE572126E83C00448F1E /* Info.plist */,
			);
			path = mvp;
			sourceTree = "<group>";
		};
		CA23DE5F2126E83C00448F1E /* mvpTests */ = {
			isa = PBXGroup;
			children = (
				CA23DE602126E83C00448F1E /* mvpTests.swift */,
				CA23DE622126E83C00448F1E /* Info.plist */,
			);
			path = mvpTests;
			sourceTree = "<group>";
		};
		CA23DE6A2126E83C00448F1E /* mvpUITests */ = {
			isa = PBXGroup;
			children = (
				CA23DE6B2126E83C00448F1E /* mvpUITests.swift */,
				CA23DE6D2126E83C00448F1E /* Info.plist */,
			);
			path = mvpUITests;
			sourceTree = "<group>";
		};
/* End PBXGroup section */

/* Begin PBXNativeTarget section */
		CA23DE472126E83C00448F1E /* mvp */ = {
			isa = PBXNativeTarget;
			buildConfigurationList = CA23DE702126E83C00448F1E /* Build configuration list for PBXNativeTarget "mvp" */;
			buildPhases = (
				CA23DE442126E83C00448F1E /* Sources */,
				CA23DE452126E83C00448F1E /* Frameworks */,
				CA23DE462126E83C00448F1E /* Resources */,
			);
			buildRules = (
			);
			dependencies = (
			);
			name = mvp;
			productName = mvp;
			productReference = CA23DE482126E83C00448F1E /* mvp.app */;
			productType = "com.apple.product-type.application";
		};
		CA23DE5B2126E83C00448F1E /* mvpTests */ = {
			isa = PBXNativeTarget;
			buildConfigurationList = CA23DE732126E83C00448F1E /* Build configuration list for PBXNativeTarget "mvpTests" */;
			buildPhases = (
				CA23DE582126E83C00448F1E /* Sources */,
				CA23DE592126E83C00448F1E /* Frameworks */,
				CA23DE5A2126E83C00448F1E /* Resources */,
			);
			buildRules = (
			);
			dependencies = (
				CA23DE5E2126E83C00448F1E /* PBXTargetDependency */,
			);
			name = mvpTests;
			productName = mvpTests;
			productReference = CA23DE5C2126E83C00448F1E /* mvpTests.xctest */;
			productType = "com.apple.product-type.bundle.unit-test";
		};
		CA23DE662126E83C00448F1E /* mvpUITests */ = {
			isa = PBXNativeTarget;
			buildConfigurationList = CA23DE762126E83C00448F1E /* Build configuration list for PBXNativeTarget "mvpUITests" */;
			buildPhases = (
				CA23DE632126E83C00448F1E /* Sources */,
				CA23DE642126E83C00448F1E /* Frameworks */,
				CA23DE652126E83C00448F1E /* Resources */,
			);
			buildRules = (
			);
			dependencies = (
				CA23DE692126E83C00448F1E /* PBXTargetDependency */,
			);
			name = mvpUITests;
			productName = mvpUITests;
			productReference = CA23DE672126E83C00448F1E /* mvpUITests.xctest */;
			productType = "com.apple.product-type.bundle.ui-testing";
		};
/* End PBXNativeTarget section */

/* Begin PBXProject section */
		CA23DE402126E83C00448F1E /* Project object */ = {
			isa = PBXProject;
			attributes = {
				LastSwiftUpdateCheck = 0940;
				LastUpgradeCheck = 0940;
				ORGANIZATIONNAME = "山下翔平";
				TargetAttributes = {
					CA23DE472126E83C00448F1E = {
						CreatedOnToolsVersion = 9.4.1;
					};
					CA23DE5B2126E83C00448F1E = {
						CreatedOnToolsVersion = 9.4.1;
						TestTargetID = CA23DE472126E83C00448F1E;
					};
					CA23DE662126E83C00448F1E = {
						CreatedOnToolsVersion = 9.4.1;
						TestTargetID = CA23DE472126E83C00448F1E;
					};
				};
			};
			buildConfigurationList = CA23DE432126E83C00448F1E /* Build configuration list for PBXProject "mvp" */;
			compatibilityVersion = "Xcode 9.3";
			developmentRegion = en;
			hasScannedForEncodings = 0;
			knownRegions = (
				en,
				Base,
			);
			mainGroup = CA23DE3F2126E83C00448F1E;
			productRefGroup = CA23DE492126E83C00448F1E /* Products */;
			projectDirPath = "";
			projectRoot = "";
			targets = (
				CA23DE472126E83C00448F1E /* mvp */,
				CA23DE5B2126E83C00448F1E /* mvpTests */,
				CA23DE662126E83C00448F1E /* mvpUITests */,
			);
		};
/* End PBXProject section */

/* Begin PBXResourcesBuildPhase section */
		CA23DE462126E83C00448F1E /* Resources */ = {
			isa = PBXResourcesBuildPhase;
			buildActionMask = 2147483647;
			files = (
				CA23DE562126E83C00448F1E /* LaunchScreen.storyboard in Resources */,
				CA23DE532126E83C00448F1E /* Assets.xcassets in Resources */,
				CA23DE512126E83C00448F1E /* Main.storyboard in Resources */,
			);
			runOnlyForDeploymentPostprocessing = 0;
		};
		CA23DE5A2126E83C00448F1E /* Resources */ = {
			isa = PBXResourcesBuildPhase;
			buildActionMask = 2147483647;
			files = (
			);
			runOnlyForDeploymentPostprocessing = 0;
		};
		CA23DE652126E83C00448F1E /* Resources */ = {
			isa = PBXResourcesBuildPhase;
			buildActionMask = 2147483647;
			files = (
			);
			runOnlyForDeploymentPostprocessing = 0;
		};
/* End PBXResourcesBuildPhase section */

/* Begin PBXSourcesBuildPhase section */
		CA23DE442126E83C00448F1E /* Sources */ = {
			isa = PBXSourcesBuildPhase;
			buildActionMask = 2147483647;
			files = (
				CA23DE4E2126E83C00448F1E /* ViewController.swift in Sources */,
				CA23DE4C2126E83C00448F1E /* AppDelegate.swift in Sources */,
			);
			runOnlyForDeploymentPostprocessing = 0;
		};
		CA23DE582126E83C00448F1E /* Sources */ = {
			isa = PBXSourcesBuildPhase;
			buildActionMask = 2147483647;
			files = (
				CA23DE612126E83C00448F1E /* mvpTests.swift in Sources */,
			);
			runOnlyForDeploymentPostprocessing = 0;
		};
		CA23DE632126E83C00448F1E /* Sources */ = {
			isa = PBXSourcesBuildPhase;
			buildActionMask = 2147483647;
			files = (
				CA23DE6C2126E83C00448F1E /* mvpUITests.swift in Sources */,
			);
			runOnlyForDeploymentPostprocessing = 0;
		};
/* End PBXSourcesBuildPhase section */

/* Begin PBXTargetDependency section */
		CA23DE5E2126E83C00448F1E /* PBXTargetDependency */ = {
			isa = PBXTargetDependency;
			target = CA23DE472126E83C00448F1E /* mvp */;
			targetProxy = CA23DE5D2126E83C00448F1E /* PBXContainerItemProxy */;
		};
		CA23DE692126E83C00448F1E /* PBXTargetDependency */ = {
			isa = PBXTargetDependency;
			target = CA23DE472126E83C00448F1E /* mvp */;
			targetProxy = CA23DE682126E83C00448F1E /* PBXContainerItemProxy */;
		};
/* End PBXTargetDependency section */

/* Begin PBXVariantGroup section */
		CA23DE4F2126E83C00448F1E /* Main.storyboard */ = {
			isa = PBXVariantGroup;
			children = (
				CA23DE502126E83C00448F1E /* Base */,
			);
			name = Main.storyboard;
			sourceTree = "<group>";
		};
		CA23DE542126E83C00448F1E /* LaunchScreen.storyboard */ = {
			isa = PBXVariantGroup;
			children = (
				CA23DE552126E83C00448F1E /* Base */,
			);
			name = LaunchScreen.storyboard;
			sourceTree = "<group>";
		};
/* End PBXVariantGroup section */

/* Begin XCBuildConfiguration section */
		CA23DE6E2126E83C00448F1E /* Debug */ = {
			isa = XCBuildConfiguration;
			buildSettings = {
				ALWAYS_SEARCH_USER_PATHS = NO;
				CLANG_ANALYZER_NONNULL = YES;
				CLANG_ANALYZER_NUMBER_OBJECT_CONVERSION = YES_AGGRESSIVE;
				CLANG_CXX_LANGUAGE_STANDARD = "gnu++14";
				CLANG_CXX_LIBRARY = "libc++";
				CLANG_ENABLE_MODULES = YES;
				CLANG_ENABLE_OBJC_ARC = YES;
				CLANG_ENABLE_OBJC_WEAK = YES;
				CLANG_WARN_BLOCK_CAPTURE_AUTORELEASING = YES;
				CLANG_WARN_BOOL_CONVERSION = YES;
				CLANG_WARN_COMMA = YES;
				CLANG_WARN_CONSTANT_CONVERSION = YES;
				CLANG_WARN_DEPRECATED_OBJC_IMPLEMENTATIONS = YES;
				CLANG_WARN_DIRECT_OBJC_ISA_USAGE = YES_ERROR;
				CLANG_WARN_DOCUMENTATION_COMMENTS = YES;
				CLANG_WARN_EMPTY_BODY = YES;
				CLANG_WARN_ENUM_CONVERSION = YES;
				CLANG_WARN_INFINITE_RECURSION = YES;
				CLANG_WARN_INT_CONVERSION = YES;
				CLANG_WARN_NON_LITERAL_NULL_CONVERSION = YES;
				CLANG_WARN_OBJC_IMPLICIT_RETAIN_SELF = YES;
				CLANG_WARN_OBJC_LITERAL_CONVERSION = YES;
				CLANG_WARN_OBJC_ROOT_CLASS = YES_ERROR;
				CLANG_WARN_RANGE_LOOP_ANALYSIS = YES;
				CLANG_WARN_STRICT_PROTOTYPES = YES;
				CLANG_WARN_SUSPICIOUS_MOVE = YES;
				CLANG_WARN_UNGUARDED_AVAILABILITY = YES_AGGRESSIVE;
				CLANG_WARN_UNREACHABLE_CODE = YES;
				CLANG_WARN__DUPLICATE_METHOD_MATCH = YES;
				CODE_SIGN_IDENTITY = "iPhone Developer";
				COPY_PHASE_STRIP = NO;
				DEBUG_INFORMATION_FORMAT = dwarf;
				ENABLE_STRICT_OBJC_MSGSEND = YES;
				ENABLE_TESTABILITY = YES;
				GCC_C_LANGUAGE_STANDARD = gnu11;
				GCC_DYNAMIC_NO_PIC = NO;
				GCC_NO_COMMON_BLOCKS = YES;
				GCC_OPTIMIZATION_LEVEL = 0;
				GCC_PREPROCESSOR_DEFINITIONS = (
					"DEBUG=1",
					"$(inherited)",
				);
				GCC_WARN_64_TO_32_BIT_CONVERSION = YES;
				GCC_WARN_ABOUT_RETURN_TYPE = YES_ERROR;
				GCC_WARN_UNDECLARED_SELECTOR = YES;
				GCC_WARN_UNINITIALIZED_AUTOS = YES_AGGRESSIVE;
				GCC_WARN_UNUSED_FUNCTION = YES;
				GCC_WARN_UNUSED_VARIABLE = YES;
				IPHONEOS_DEPLOYMENT_TARGET = 11.4;
				MTL_ENABLE_DEBUG_INFO = YES;
				ONLY_ACTIVE_ARCH = YES;
				SDKROOT = iphoneos;
				SWIFT_ACTIVE_COMPILATION_CONDITIONS = DEBUG;
				SWIFT_OPTIMIZATION_LEVEL = "-Onone";
			};
			name = Debug;
		};
		CA23DE6F2126E83C00448F1E /* Release */ = {
			isa = XCBuildConfiguration;
			buildSettings = {
				ALWAYS_SEARCH_USER_PATHS = NO;
				CLANG_ANALYZER_NONNULL = YES;
				CLANG_ANALYZER_NUMBER_OBJECT_CONVERSION = YES_AGGRESSIVE;
				CLANG_CXX_LANGUAGE_STANDARD = "gnu++14";
				CLANG_CXX_LIBRARY = "libc++";
				CLANG_ENABLE_MODULES = YES;
				CLANG_ENABLE_OBJC_ARC = YES;
				CLANG_ENABLE_OBJC_WEAK = YES;
				CLANG_WARN_BLOCK_CAPTURE_AUTORELEASING = YES;
				CLANG_WARN_BOOL_CONVERSION = YES;
				CLANG_WARN_COMMA = YES;
				CLANG_WARN_CONSTANT_CONVERSION = YES;
				CLANG_WARN_DEPRECATED_OBJC_IMPLEMENTATIONS = YES;
				CLANG_WARN_DIRECT_OBJC_ISA_USAGE = YES_ERROR;
				CLANG_WARN_DOCUMENTATION_COMMENTS = YES;
				CLANG_WARN_EMPTY_BODY = YES;
				CLANG_WARN_ENUM_CONVERSION = YES;
				CLANG_WARN_INFINITE_RECURSION = YES;
				CLANG_WARN_INT_CONVERSION = YES;
				CLANG_WARN_NON_LITERAL_NULL_CONVERSION = YES;
				CLANG_WARN_OBJC_IMPLICIT_RETAIN_SELF = YES;
				CLANG_WARN_OBJC_LITERAL_CONVERSION = YES;
				CLANG_WARN_OBJC_ROOT_CLASS = YES_ERROR;
				CLANG_WARN_RANGE_LOOP_ANALYSIS = YES;
				CLANG_WARN_STRICT_PROTOTYPES = YES;
				CLANG_WARN_SUSPICIOUS_MOVE = YES;
				CLANG_WARN_UNGUARDED_AVAILABILITY = YES_AGGRESSIVE;
				CLANG_WARN_UNREACHABLE_CODE = YES;
				CLANG_WARN__DUPLICATE_METHOD_MATCH = YES;
				CODE_SIGN_IDENTITY = "iPhone Developer";
				COPY_PHASE_STRIP = NO;
				DEBUG_INFORMATION_FORMAT = "dwarf-with-dsym";
				ENABLE_NS_ASSERTIONS = NO;
				ENABLE_STRICT_OBJC_MSGSEND = YES;
				GCC_C_LANGUAGE_STANDARD = gnu11;
				GCC_NO_COMMON_BLOCKS = YES;
				GCC_WARN_64_TO_32_BIT_CONVERSION = YES;
				GCC_WARN_ABOUT_RETURN_TYPE = YES_ERROR;
				GCC_WARN_UNDECLARED_SELECTOR = YES;
				GCC_WARN_UNINITIALIZED_AUTOS = YES_AGGRESSIVE;
				GCC_WARN_UNUSED_FUNCTION = YES;
				GCC_WARN_UNUSED_VARIABLE = YES;
				IPHONEOS_DEPLOYMENT_TARGET = 11.4;
				MTL_ENABLE_DEBUG_INFO = NO;
				SDKROOT = iphoneos;
				SWIFT_COMPILATION_MODE = wholemodule;
				SWIFT_OPTIMIZATION_LEVEL = "-O";
				VALIDATE_PRODUCT = YES;
			};
			name = Release;
		};
		CA23DE712126E83C00448F1E /* Debug */ = {
			isa = XCBuildConfiguration;
			buildSettings = {
				ASSETCATALOG_COMPILER_APPICON_NAME = AppIcon;
				CODE_SIGN_STYLE = Automatic;
				INFOPLIST_FILE = mvp/Info.plist;
				LD_RUNPATH_SEARCH_PATHS = (
					"$(inherited)",
					"@executable_path/Frameworks",
				);
				PRODUCT_BUNDLE_IDENTIFIER = com.sample.mvp;
				PRODUCT_NAME = "$(TARGET_NAME)";
				SWIFT_VERSION = 4.0;
				TARGETED_DEVICE_FAMILY = "1,2";
			};
			name = Debug;
		};
		CA23DE722126E83C00448F1E /* Release */ = {
			isa = XCBuildConfiguration;
			buildSettings = {
				ASSETCATALOG_COMPILER_APPICON_NAME = AppIcon;
				CODE_SIGN_STYLE = Automatic;
				INFOPLIST_FILE = mvp/Info.plist;
				LD_RUNPATH_SEARCH_PATHS = (
					"$(inherited)",
					"@executable_path/Frameworks",
				);
				PRODUCT_BUNDLE_IDENTIFIER = com.sample.mvp;
				PRODUCT_NAME = "$(TARGET_NAME)";
				SWIFT_VERSION = 4.0;
				TARGETED_DEVICE_FAMILY = "1,2";
			};
			name = Release;
		};
		CA23DE742126E83C00448F1E /* Debug */ = {
			isa = XCBuildConfiguration;
			buildSettings = {
				ALWAYS_EMBED_SWIFT_STANDARD_LIBRARIES = YES;
				BUNDLE_LOADER = "$(TEST_HOST)";
				CODE_SIGN_STYLE = Automatic;
				INFOPLIST_FILE = mvpTests/Info.plist;
				LD_RUNPATH_SEARCH_PATHS = (
					"$(inherited)",
					"@executable_path/Frameworks",
					"@loader_path/Frameworks",
				);
				PRODUCT_BUNDLE_IDENTIFIER = com.sample.mvpTests;
				PRODUCT_NAME = "$(TARGET_NAME)";
				SWIFT_VERSION = 4.0;
				TARGETED_DEVICE_FAMILY = "1,2";
				TEST_HOST = "$(BUILT_PRODUCTS_DIR)/mvp.app/mvp";
			};
			name = Debug;
		};
		CA23DE752126E83C00448F1E /* Release */ = {
			isa = XCBuildConfiguration;
			buildSettings = {
				ALWAYS_EMBED_SWIFT_STANDARD_LIBRARIES = YES;
				BUNDLE_LOADER = "$(TEST_HOST)";
				CODE_SIGN_STYLE = Automatic;
				INFOPLIST_FILE = mvpTests/Info.plist;
				LD_RUNPATH_SEARCH_PATHS = (
					"$(inherited)",
					"@executable_path/Frameworks",
					"@loader_path/Frameworks",
				);
				PRODUCT_BUNDLE_IDENTIFIER = com.sample.mvpTests;
				PRODUCT_NAME = "$(TARGET_NAME)";
				SWIFT_VERSION = 4.0;
				TARGETED_DEVICE_FAMILY = "1,2";
				TEST_HOST = "$(BUILT_PRODUCTS_DIR)/mvp.app/mvp";
			};
			name = Release;
		};
		CA23DE772126E83C00448F1E /* Debug */ = {
			isa = XCBuildConfiguration;
			buildSettings = {
				ALWAYS_EMBED_SWIFT_STANDARD_LIBRARIES = YES;
				CODE_SIGN_STYLE = Automatic;
				INFOPLIST_FILE = mvpUITests/Info.plist;
				LD_RUNPATH_SEARCH_PATHS = (
					"$(inherited)",
					"@executable_path/Frameworks",
					"@loader_path/Frameworks",
				);
				PRODUCT_BUNDLE_IDENTIFIER = com.sample.mvpUITests;
				PRODUCT_NAME = "$(TARGET_NAME)";
				SWIFT_VERSION = 4.0;
				TARGETED_DEVICE_FAMILY = "1,2";
				TEST_TARGET_NAME = mvp;
			};
			name = Debug;
		};
		CA23DE782126E83C00448F1E /* Release */ = {
			isa = XCBuildConfiguration;
			buildSettings = {
				ALWAYS_EMBED_SWIFT_STANDARD_LIBRARIES = YES;
				CODE_SIGN_STYLE = Automatic;
				INFOPLIST_FILE = mvpUITests/Info.plist;
				LD_RUNPATH_SEARCH_PATHS = (
					"$(inherited)",
					"@executable_path/Frameworks",
					"@loader_path/Frameworks",
				);
				PRODUCT_BUNDLE_IDENTIFIER = com.sample.mvpUITests;
				PRODUCT_NAME = "$(TARGET_NAME)";
				SWIFT_VERSION = 4.0;
				TARGETED_DEVICE_FAMILY = "1,2";
				TEST_TARGET_NAME = mvp;
			};
			name = Release;
		};
/* End XCBuildConfiguration section */

/* Begin XCConfigurationList section */
		CA23DE432126E83C00448F1E /* Build configuration list for PBXProject "mvp" */ = {
			isa = XCConfigurationList;
			buildConfigurations = (
				CA23DE6E2126E83C00448F1E /* Debug */,
				CA23DE6F2126E83C00448F1E /* Release */,
			);
			defaultConfigurationIsVisible = 0;
			defaultConfigurationName = Release;
		};
		CA23DE702126E83C00448F1E /* Build configuration list for PBXNativeTarget "mvp" */ = {
			isa = XCConfigurationList;
			buildConfigurations = (
				CA23DE712126E83C00448F1E /* Debug */,
				CA23DE722126E83C00448F1E /* Release */,
			);
			defaultConfigurationIsVisible = 0;
			defaultConfigurationName = Release;
		};
		CA23DE732126E83C00448F1E /* Build configuration list for PBXNativeTarget "mvpTests" */ = {
			isa = XCConfigurationList;
			buildConfigurations = (
				CA23DE742126E83C00448F1E /* Debug */,
				CA23DE752126E83C00448F1E /* Release */,
			);
			defaultConfigurationIsVisible = 0;
			defaultConfigurationName = Release;
		};
		CA23DE762126E83C00448F1E /* Build configuration list for PBXNativeTarget "mvpUITests" */ = {
			isa = XCConfigurationList;
			buildConfigurations = (
				CA23DE772126E83C00448F1E /* Debug */,
				CA23DE782126E83C00448F1E /* Release */,
			);
			defaultConfigurationIsVisible = 0;
			defaultConfigurationName = Release;
		};
/* End XCConfigurationList section */
	};
	rootObject = CA23DE402126E83C00448F1E /* Project object */;
}
